
Microsoft Visual Studio Solution File, Format Version 12.00
# Visual Studio Version 17
VisualStudioVersion = 17.2.32630.192
MinimumVisualStudioVersion = 10.0.40219.1
Project("{FAE04EC0-301F-11D3-BF4B-00C04F79EFBC}") = "BuscaAeroportos", "BuscaAeroportos.csproj", "{0715EF9C-D051-4C06-AB03-25DAB82FDD64}"
EndProject
Global
	GlobalSection(SolutionConfigurationPlatforms) = preSolution
		Debug|Any CPU = Debug|Any CPU
		Release|Any CPU = Release|Any CPU
	EndGlobalSection
	GlobalSection(ProjectConfigurationPlatforms) = postSolution
		{0715EF9C-D051-4C06-AB03-25DAB82FDD64}.Debug|Any CPU.ActiveCfg = Debug|Any CPU
		{0715EF9C-D051-4C06-AB03-25DAB82FDD64}.Debug|Any CPU.Build.0 = Debug|Any CPU
		{0715EF9C-D051-4C06-AB03-25DAB82FDD64}.Release|Any CPU.ActiveCfg = Release|Any CPU
		{0715EF9C-D051-4C06-AB03-25DAB82FDD64}.Release|Any CPU.Build.0 = Release|Any CPU
	EndGlobalSection
	GlobalSection(SolutionProperties) = preSolution
		HideSolutionNode = FALSE
	EndGlobalSection
	GlobalSection(ExtensibilityGlobals) = postSolution
		SolutionGuid = {1D389E66-8734-436F-B802-AB090130D2E7}
	EndGlobalSection
EndGlobal
